# THIS IS AN AUTOGENERATED FILE. DO NOT EDIT THIS FILE DIRECTLY.
# yarn lockfile v1


async-listener@~0.4.7:
  version "0.4.7"
  resolved "https://registry.npmjs.org/async-listener/-/async-listener-0.4.7.tgz#0d8e3900b318e2d63c587182211a1eef3bb5bb82"
  integrity sha1-DY45ALMY4tY8WHGCIRoe7zu1u4I=
  dependencies:
    shimmer "1.0.0"

shimmer@1.0.0:
  version "1.0.0"
  resolved "https://registry.npmjs.org/shimmer/-/shimmer-1.0.0.tgz#49c2d71c678360b802be18b278382d1cbb805c39"
  integrity sha1-ScLXHGeDYLgCvhiyeDgtHLuAXDk=

stackup@^1.0.2:
  version "1.0.2"
  resolved "https://registry.npmjs.org/stackup/-/stackup-1.0.2.tgz#f96228dd2f54e06c89d60c584db1630bc807b75c"
  integrity sha512-hYMHhZw/uy+ANKRgBAn24R2iUwvNBbWaQZhVnZ2Qze092By0c8PO78e2ZfIWLbSYzIIVag9EPfheGNvvPVM5EQ==
  dependencies:
    async-listener "~0.4.7"
